
Microsoft Visual Studio Solution File, Format Version 12.00
# Visual Studio Version 16
VisualStudioVersion = 16.0.29613.14
MinimumVisualStudioVersion = 10.0.40219.1
Project("{FAE04EC0-301F-11D3-BF4B-00C04F79EFBC}") = "Quarantine", "Quarantine\Quarantine.csproj", "{AD480F64-95F7-45FD-AA53-C8DE64F5397C}"
EndProject
Global
	GlobalSection(SolutionConfigurationPlatforms) = preSolution
		Debug|Any CPU = Debug|Any CPU
		Release|Any CPU = Release|Any CPU
	EndGlobalSection
	GlobalSection(ProjectConfigurationPlatforms) = postSolution
		{AD480F64-95F7-45FD-AA53-C8DE64F5397C}.Debug|Any CPU.ActiveCfg = Debug|Any CPU
		{AD480F64-95F7-45FD-AA53-C8DE64F5397C}.Debug|Any CPU.Build.0 = Debug|Any CPU
		{AD480F64-95F7-45FD-AA53-C8DE64F5397C}.Release|Any CPU.ActiveCfg = Release|Any CPU
		{AD480F64-95F7-45FD-AA53-C8DE64F5397C}.Release|Any CPU.Build.0 = Release|Any CPU
	EndGlobalSection
	GlobalSection(SolutionProperties) = preSolution
		HideSolutionNode = FALSE
	EndGlobalSection
	GlobalSection(ExtensibilityGlobals) = postSolution
		SolutionGuid = {BDCDD0F0-6E86-4AFD-AAC4-5C71047B5B9B}
	EndGlobalSection
EndGlobal
